Microsoft Visual Studio Solution File, Format Version 12.00
# Visual Studio Version 17
VisualStudioVersion = 17.5.2.0
MinimumVisualStudioVersion = 10.0.40219.1
Project("{FAE04EC0-301F-11D3-BF4B-00C04F79EFBC}") = "FlyEngine.Core", "FlyEngine.Core\FlyEngine.Core.csproj", "{38DAE6B0-F321-4B1A-B620-3D59E4F1C985}"
EndProject
Project("{FAE04EC0-301F-11D3-BF4B-00C04F79EFBC}") = "FlyEngine.Game", "FlyEngine.Game\FlyEngine.Game.csproj", "{56D3676E-B60D-418F-A63A-C31E2AA24327}"
EndProject
Project("{FAE04EC0-301F-11D3-BF4B-00C04F79EFBC}") = "FlyEngine.Network", "FlyEngine.Network\FlyEngine.Network.csproj", "{51F1C8CF-E0B6-4DF6-8939-7A7B4D7B1C9A}"
EndProject
Project("{FAE04EC0-301F-11D3-BF4B-00C04F79EFBC}") = "FlyEngine.Editor", "FlyEngine.Editor\FlyEngine.Editor.csproj", "{D602FA90-2DCA-4BAD-B4DE-4E9201050DA8}"
EndProject
Global
	GlobalSection(SolutionConfigurationPlatforms) = preSolution
		Debug|Any CPU = Debug|Any CPU
		Release|Any CPU = Release|Any CPU
	EndGlobalSection
	GlobalSection(ProjectConfigurationPlatforms) = postSolution
		{38DAE6B0-F321-4B1A-B620-3D59E4F1C985}.Debug|Any CPU.ActiveCfg = Debug|Any CPU
		{38DAE6B0-F321-4B1A-B620-3D59E4F1C985}.Debug|Any CPU.Build.0 = Debug|Any CPU
		{38DAE6B0-F321-4B1A-B620-3D59E4F1C985}.Release|Any CPU.ActiveCfg = Release|Any CPU
		{38DAE6B0-F321-4B1A-B620-3D59E4F1C985}.Release|Any CPU.Build.0 = Release|Any CPU
		{56D3676E-B60D-418F-A63A-C31E2AA24327}.Debug|Any CPU.ActiveCfg = Debug|Any CPU
		{56D3676E-B60D-418F-A63A-C31E2AA24327}.Debug|Any CPU.Build.0 = Debug|Any CPU
		{56D3676E-B60D-418F-A63A-C31E2AA24327}.Release|Any CPU.ActiveCfg = Release|Any CPU
		{56D3676E-B60D-418F-A63A-C31E2AA24327}.Release|Any CPU.Build.0 = Release|Any CPU
		{51F1C8CF-E0B6-4DF6-8939-7A7B4D7B1C9A}.Debug|Any CPU.ActiveCfg = Debug|Any CPU
		{51F1C8CF-E0B6-4DF6-8939-7A7B4D7B1C9A}.Debug|Any CPU.Build.0 = Debug|Any CPU
		{51F1C8CF-E0B6-4DF6-8939-7A7B4D7B1C9A}.Release|Any CPU.ActiveCfg = Release|Any CPU
		{51F1C8CF-E0B6-4DF6-8939-7A7B4D7B1C9A}.Release|Any CPU.Build.0 = Release|Any CPU
		{D602FA90-2DCA-4BAD-B4DE-4E9201050DA8}.Debug|Any CPU.ActiveCfg = Debug|Any CPU
		{D602FA90-2DCA-4BAD-B4DE-4E9201050DA8}.Debug|Any CPU.Build.0 = Debug|Any CPU
		{D602FA90-2DCA-4BAD-B4DE-4E9201050DA8}.Release|Any CPU.ActiveCfg = Release|Any CPU
		{D602FA90-2DCA-4BAD-B4DE-4E9201050DA8}.Release|Any CPU.Build.0 = Release|Any CPU
	EndGlobalSection
	GlobalSection(SolutionProperties) = preSolution
		HideSolutionNode = FALSE
	EndGlobalSection
	GlobalSection(ExtensibilityGlobals) = postSolution
		SolutionGuid = {9DBFE75E-BC4B-4122-BDFB-0BA4C6C7E8EE}
	EndGlobalSection
EndGlobal
